
Microsoft Visual Studio Solution File, Format Version 12.00
# Visual Studio Version 17
VisualStudioVersion = 17.6.33712.159
MinimumVisualStudioVersion = 10.0.40219.1
Project("{FAE04EC0-301F-11D3-BF4B-00C04F79EFBC}") = "Task1", "Task1\Task1.csproj", "{D545C259-863F-4BD3-AC8B-23A57F7C747D}"
EndProject
Global
	GlobalSection(SolutionConfigurationPlatforms) = preSolution
		Debug|Any CPU = Debug|Any CPU
		Release|Any CPU = Release|Any CPU
	EndGlobalSection
	GlobalSection(ProjectConfigurationPlatforms) = postSolution
		{D545C259-863F-4BD3-AC8B-23A57F7C747D}.Debug|Any CPU.ActiveCfg = Debug|Any CPU
		{D545C259-863F-4BD3-AC8B-23A57F7C747D}.Debug|Any CPU.Build.0 = Debug|Any CPU
		{D545C259-863F-4BD3-AC8B-23A57F7C747D}.Release|Any CPU.ActiveCfg = Release|Any CPU
		{D545C259-863F-4BD3-AC8B-23A57F7C747D}.Release|Any CPU.Build.0 = Release|Any CPU
	EndGlobalSection
	GlobalSection(SolutionProperties) = preSolution
		HideSolutionNode = FALSE
	EndGlobalSection
	GlobalSection(ExtensibilityGlobals) = postSolution
		SolutionGuid = {4095A51B-5A95-48EC-84E4-296230C14854}
	EndGlobalSection
EndGlobal
